// !$*UTF8*$!
{
	archiveVersion = 1;
	classes = {
	};
	objectVersion = 50;
	objects = {

/* Begin PBXBuildFile section */
		5A33640F2476A39600324367 /* Identifiable.swift in Sources */ = {isa = PBXBuildFile; fileRef = 5A33640E2476A39600324367 /* Identifiable.swift */; };
		5A81411A247BCDE80020ED80 /* BNBsTestData.json in Resources */ = {isa = PBXBuildFile; fileRef = 5A814119247BCDE80020ED80 /* BNBsTestData.json */; };
		5A81411F247BCE900020ED80 /* BNB.swift in Sources */ = {isa = PBXBuildFile; fileRef = 5A81411E247BCE900020ED80 /* BNB.swift */; };
		5A814122247BD3590020ED80 /* DecodableTests.swift in Sources */ = {isa = PBXBuildFile; fileRef = 5A814121247BD3590020ED80 /* DecodableTests.swift */; };
		5A814124247BD3CD0020ED80 /* DataExtensions.swift in Sources */ = {isa = PBXBuildFile; fileRef = 5A814123247BD3CD0020ED80 /* DataExtensions.swift */; };
		5A840979247651A200D84413 /* UIColorExtension.swift in Sources */ = {isa = PBXBuildFile; fileRef = 5A840978247651A200D84413 /* UIColorExtension.swift */; };
		5A88E8F82473C59800DA79F1 /* ReservationViewController.swift in Sources */ = {isa = PBXBuildFile; fileRef = 5A88E8F72473C59800DA79F1 /* ReservationViewController.swift */; };
		5A89D248247775F10046629B /* UIEdgeInsetsExtension.swift in Sources */ = {isa = PBXBuildFile; fileRef = 5A89D247247775F10046629B /* UIEdgeInsetsExtension.swift */; };
		5A89D24C2477AD9D0046629B /* ImagePagingView.swift in Sources */ = {isa = PBXBuildFile; fileRef = 5A89D24B2477AD9D0046629B /* ImagePagingView.swift */; };
		5A8DB2B424755C30001FC509 /* BadgeLabel.swift in Sources */ = {isa = PBXBuildFile; fileRef = 5A8DB2B324755C30001FC509 /* BadgeLabel.swift */; };
		5A8DB2BC24757859001FC509 /* SearchTextField.swift in Sources */ = {isa = PBXBuildFile; fileRef = 5A8DB2BB24757859001FC509 /* SearchTextField.swift */; };
		5AD06346247A50D4000BF31B /* Shadow.swift in Sources */ = {isa = PBXBuildFile; fileRef = 5AD06345247A50D4000BF31B /* Shadow.swift */; };
		5AD06348247A5BB2000BF31B /* MapButton.swift in Sources */ = {isa = PBXBuildFile; fileRef = 5AD06347247A5BB2000BF31B /* MapButton.swift */; };
		C219C665247D72C4006E3388 /* FavoriteButton.swift in Sources */ = {isa = PBXBuildFile; fileRef = C219C664247D72C4006E3388 /* FavoriteButton.swift */; };
		C22A52582473A1A80055A478 /* AppDelegate.swift in Sources */ = {isa = PBXBuildFile; fileRef = C22A52572473A1A80055A478 /* AppDelegate.swift */; };
		C22A525A2473A1A80055A478 /* SceneDelegate.swift in Sources */ = {isa = PBXBuildFile; fileRef = C22A52592473A1A80055A478 /* SceneDelegate.swift */; };
		C22A525C2473A1A80055A478 /* SearchViewController.swift in Sources */ = {isa = PBXBuildFile; fileRef = C22A525B2473A1A80055A478 /* SearchViewController.swift */; };
		C22A525F2473A1A80055A478 /* Main.storyboard in Resources */ = {isa = PBXBuildFile; fileRef = C22A525D2473A1A80055A478 /* Main.storyboard */; };
		C22A52612473A1AB0055A478 /* Assets.xcassets in Resources */ = {isa = PBXBuildFile; fileRef = C22A52602473A1AB0055A478 /* Assets.xcassets */; };
		C22A52642473A1AB0055A478 /* LaunchScreen.storyboard in Resources */ = {isa = PBXBuildFile; fileRef = C22A52622473A1AB0055A478 /* LaunchScreen.storyboard */; };
		C22A526F2473A1AB0055A478 /* AirbnbTests.swift in Sources */ = {isa = PBXBuildFile; fileRef = C22A526E2473A1AB0055A478 /* AirbnbTests.swift */; };
		C22A52802473AAB10055A478 /* BookmarkViewController.swift in Sources */ = {isa = PBXBuildFile; fileRef = C22A527F2473AAB10055A478 /* BookmarkViewController.swift */; };
		C2553CE1247C146B0019588B /* NibLoadable.swift in Sources */ = {isa = PBXBuildFile; fileRef = C2553CE0247C146B0019588B /* NibLoadable.swift */; };
		C2553CE7247C1CC40019588B /* FilterViewController.swift in Sources */ = {isa = PBXBuildFile; fileRef = C2553CE6247C1CC40019588B /* FilterViewController.swift */; };
		C2553CE9247C23E50019588B /* Storyboard.swift in Sources */ = {isa = PBXBuildFile; fileRef = C2553CE8247C23E50019588B /* Storyboard.swift */; };
		C26F0C8D247640DB002E7F42 /* FilterButton.swift in Sources */ = {isa = PBXBuildFile; fileRef = C26F0C8C247640DB002E7F42 /* FilterButton.swift */; };
		C2DB830E247668A7007034AC /* DateButton.swift in Sources */ = {isa = PBXBuildFile; fileRef = C2DB830D247668A7007034AC /* DateButton.swift */; };
		C2DB8310247668C6007034AC /* GuestsButton.swift in Sources */ = {isa = PBXBuildFile; fileRef = C2DB830F247668C6007034AC /* GuestsButton.swift */; };
		C2DB831224766900007034AC /* PriceButton.swift in Sources */ = {isa = PBXBuildFile; fileRef = C2DB831124766900007034AC /* PriceButton.swift */; };
		C2E4EE63247BCDA700671D53 /* Filter.storyboard in Resources */ = {isa = PBXBuildFile; fileRef = C2E4EE62247BCDA700671D53 /* Filter.storyboard */; };
		C2E54883247C378C001B400C /* CornerRoundedButton.swift in Sources */ = {isa = PBXBuildFile; fileRef = C2E54882247C378C001B400C /* CornerRoundedButton.swift */; };
		C2E54887247D3A47001B400C /* RoundButton.swift in Sources */ = {isa = PBXBuildFile; fileRef = C2E54886247D3A47001B400C /* RoundButton.swift */; };
/* End PBXBuildFile section */

/* Begin PBXContainerItemProxy section */
		C22A526B2473A1AB0055A478 /* PBXContainerItemProxy */ = {
			isa = PBXContainerItemProxy;
			containerPortal = C22A524C2473A1A70055A478 /* Project object */;
			proxyType = 1;
			remoteGlobalIDString = C22A52532473A1A70055A478;
			remoteInfo = Airbnb;
		};
/* End PBXContainerItemProxy section */

/* Begin PBXFileReference section */
		5A33640E2476A39600324367 /* Identifiable.swift */ = {isa = PBXFileReference; lastKnownFileType = sourcecode.swift; path = Identifiable.swift; sourceTree = "<group>"; };
		5A814119247BCDE80020ED80 /* BNBsTestData.json */ = {isa = PBXFileReference; lastKnownFileType = text.json; path = BNBsTestData.json; sourceTree = "<group>"; };
		5A81411E247BCE900020ED80 /* BNB.swift */ = {isa = PBXFileReference; lastKnownFileType = sourcecode.swift; path = BNB.swift; sourceTree = "<group>"; };
		5A814121247BD3590020ED80 /* DecodableTests.swift */ = {isa = PBXFileReference; lastKnownFileType = sourcecode.swift; path = DecodableTests.swift; sourceTree = "<group>"; };
		5A814123247BD3CD0020ED80 /* DataExtensions.swift */ = {isa = PBXFileReference; lastKnownFileType = sourcecode.swift; path = DataExtensions.swift; sourceTree = "<group>"; };
		5A840978247651A200D84413 /* UIColorExtension.swift */ = {isa = PBXFileReference; lastKnownFileType = sourcecode.swift; path = UIColorExtension.swift; sourceTree = "<group>"; };
		5A88E8F72473C59800DA79F1 /* ReservationViewController.swift */ = {isa = PBXFileReference; lastKnownFileType = sourcecode.swift; path = ReservationViewController.swift; sourceTree = "<group>"; };
		5A89D247247775F10046629B /* UIEdgeInsetsExtension.swift */ = {isa = PBXFileReference; lastKnownFileType = sourcecode.swift; path = UIEdgeInsetsExtension.swift; sourceTree = "<group>"; };
		5A89D24B2477AD9D0046629B /* ImagePagingView.swift */ = {isa = PBXFileReference; lastKnownFileType = sourcecode.swift; name = ImagePagingView.swift; path = Airbnb/Views/ImagePagingView.swift; sourceTree = SOURCE_ROOT; };
		5A8DB2B324755C30001FC509 /* BadgeLabel.swift */ = {isa = PBXFileReference; lastKnownFileType = sourcecode.swift; name = BadgeLabel.swift; path = Airbnb/Views/BadgeLabel.swift; sourceTree = SOURCE_ROOT; };
		5A8DB2BB24757859001FC509 /* SearchTextField.swift */ = {isa = PBXFileReference; lastKnownFileType = sourcecode.swift; path = SearchTextField.swift; sourceTree = "<group>"; };
		5AD06345247A50D4000BF31B /* Shadow.swift */ = {isa = PBXFileReference; lastKnownFileType = sourcecode.swift; path = Shadow.swift; sourceTree = "<group>"; };
		5AD06347247A5BB2000BF31B /* MapButton.swift */ = {isa = PBXFileReference; lastKnownFileType = sourcecode.swift; path = MapButton.swift; sourceTree = "<group>"; };
		C219C664247D72C4006E3388 /* FavoriteButton.swift */ = {isa = PBXFileReference; lastKnownFileType = sourcecode.swift; path = FavoriteButton.swift; sourceTree = "<group>"; };
		C22A52542473A1A80055A478 /* Airbnb.app */ = {isa = PBXFileReference; explicitFileType = wrapper.application; includeInIndex = 0; path = Airbnb.app; sourceTree = BUILT_PRODUCTS_DIR; };
		C22A52572473A1A80055A478 /* AppDelegate.swift */ = {isa = PBXFileReference; lastKnownFileType = sourcecode.swift; path = AppDelegate.swift; sourceTree = "<group>"; };
		C22A52592473A1A80055A478 /* SceneDelegate.swift */ = {isa = PBXFileReference; lastKnownFileType = sourcecode.swift; path = SceneDelegate.swift; sourceTree = "<group>"; };
		C22A525B2473A1A80055A478 /* SearchViewController.swift */ = {isa = PBXFileReference; lastKnownFileType = sourcecode.swift; path = SearchViewController.swift; sourceTree = "<group>"; };
		C22A525E2473A1A80055A478 /* Base */ = {isa = PBXFileReference; lastKnownFileType = file.storyboard; name = Base; path = Base.lproj/Main.storyboard; sourceTree = "<group>"; };
		C22A52602473A1AB0055A478 /* Assets.xcassets */ = {isa = PBXFileReference; lastKnownFileType = folder.assetcatalog; path = Assets.xcassets; sourceTree = "<group>"; };
		C22A52632473A1AB0055A478 /* Base */ = {isa = PBXFileReference; lastKnownFileType = file.storyboard; name = Base; path = Base.lproj/LaunchScreen.storyboard; sourceTree = "<group>"; };
		C22A52652473A1AB0055A478 /* Info.plist */ = {isa = PBXFileReference; lastKnownFileType = text.plist.xml; path = Info.plist; sourceTree = "<group>"; };
		C22A526A2473A1AB0055A478 /* AirbnbTests.xctest */ = {isa = PBXFileReference; explicitFileType = wrapper.cfbundle; includeInIndex = 0; path = AirbnbTests.xctest; sourceTree = BUILT_PRODUCTS_DIR; };
		C22A526E2473A1AB0055A478 /* AirbnbTests.swift */ = {isa = PBXFileReference; lastKnownFileType = sourcecode.swift; path = AirbnbTests.swift; sourceTree = "<group>"; };
		C22A52702473A1AB0055A478 /* Info.plist */ = {isa = PBXFileReference; lastKnownFileType = text.plist.xml; path = Info.plist; sourceTree = "<group>"; };
		C22A527F2473AAB10055A478 /* BookmarkViewController.swift */ = {isa = PBXFileReference; lastKnownFileType = sourcecode.swift; path = BookmarkViewController.swift; sourceTree = "<group>"; };
		C2553CE0247C146B0019588B /* NibLoadable.swift */ = {isa = PBXFileReference; lastKnownFileType = sourcecode.swift; path = NibLoadable.swift; sourceTree = "<group>"; };
		C2553CE6247C1CC40019588B /* FilterViewController.swift */ = {isa = PBXFileReference; lastKnownFileType = sourcecode.swift; path = FilterViewController.swift; sourceTree = "<group>"; };
		C2553CE8247C23E50019588B /* Storyboard.swift */ = {isa = PBXFileReference; lastKnownFileType = sourcecode.swift; path = Storyboard.swift; sourceTree = "<group>"; };
		C26F0C8C247640DB002E7F42 /* FilterButton.swift */ = {isa = PBXFileReference; lastKnownFileType = sourcecode.swift; path = FilterButton.swift; sourceTree = "<group>"; };
		C2DB830D247668A7007034AC /* DateButton.swift */ = {isa = PBXFileReference; lastKnownFileType = sourcecode.swift; path = DateButton.swift; sourceTree = "<group>"; };
		C2DB830F247668C6007034AC /* GuestsButton.swift */ = {isa = PBXFileReference; lastKnownFileType = sourcecode.swift; path = GuestsButton.swift; sourceTree = "<group>"; };
		C2DB831124766900007034AC /* PriceButton.swift */ = {isa = PBXFileReference; lastKnownFileType = sourcecode.swift; path = PriceButton.swift; sourceTree = "<group>"; };
		C2E4EE62247BCDA700671D53 /* Filter.storyboard */ = {isa = PBXFileReference; lastKnownFileType = file.storyboard; path = Filter.storyboard; sourceTree = "<group>"; };
		C2E54882247C378C001B400C /* CornerRoundedButton.swift */ = {isa = PBXFileReference; lastKnownFileType = sourcecode.swift; path = CornerRoundedButton.swift; sourceTree = "<group>"; };
		C2E54886247D3A47001B400C /* RoundButton.swift */ = {isa = PBXFileReference; lastKnownFileType = sourcecode.swift; path = RoundButton.swift; sourceTree = "<group>"; };
/* End PBXFileReference section */

/* Begin PBXFrameworksBuildPhase section */
		C22A52512473A1A70055A478 /* Frameworks */ = {
			isa = PBXFrameworksBuildPhase;
			buildActionMask = 2147483647;
			files = (
			);
			runOnlyForDeploymentPostprocessing = 0;
		};
		C22A52672473A1AB0055A478 /* Frameworks */ = {
			isa = PBXFrameworksBuildPhase;
			buildActionMask = 2147483647;
			files = (
			);
			runOnlyForDeploymentPostprocessing = 0;
		};
/* End PBXFrameworksBuildPhase section */

/* Begin PBXGroup section */
		5A814116247BC6040020ED80 /* Mocking */ = {
			isa = PBXGroup;
			children = (
				5A814119247BCDE80020ED80 /* BNBsTestData.json */,
			);
			path = Mocking;
			sourceTree = "<group>";
		};
		5A81411D247BCE630020ED80 /* Models */ = {
			isa = PBXGroup;
			children = (
				5A81411E247BCE900020ED80 /* BNB.swift */,
			);
			path = Models;
			sourceTree = "<group>";
		};
		5A8409772476518800D84413 /* Utils */ = {
			isa = PBXGroup;
			children = (
				5A840978247651A200D84413 /* UIColorExtension.swift */,
				5A89D247247775F10046629B /* UIEdgeInsetsExtension.swift */,
				5A33640E2476A39600324367 /* Identifiable.swift */,
				C2553CE0247C146B0019588B /* NibLoadable.swift */,
				C2553CE8247C23E50019588B /* Storyboard.swift */,
				5A814123247BD3CD0020ED80 /* DataExtensions.swift */,
			);
			path = Utils;
			sourceTree = "<group>";
		};
		C22A524B2473A1A70055A478 = {
			isa = PBXGroup;
			children = (
				C22A52562473A1A80055A478 /* Airbnb */,
				C22A526D2473A1AB0055A478 /* AirbnbTests */,
				C22A52552473A1A80055A478 /* Products */,
			);
			sourceTree = "<group>";
		};
		C22A52552473A1A80055A478 /* Products */ = {
			isa = PBXGroup;
			children = (
				C22A52542473A1A80055A478 /* Airbnb.app */,
				C22A526A2473A1AB0055A478 /* AirbnbTests.xctest */,
			);
			name = Products;
			sourceTree = "<group>";
		};
		C22A52562473A1A80055A478 /* Airbnb */ = {
			isa = PBXGroup;
			children = (
				5A8409772476518800D84413 /* Utils */,
				C22A52792473A21E0055A478 /* Views */,
				C22A527A2473A2350055A478 /* ViewModels */,
				C22A527D2473A2620055A478 /* Controllers */,
				C22A527B2473A2440055A478 /* UseCases */,
				5A81411D247BCE630020ED80 /* Models */,
				C22A527E2473A26F0055A478 /* Networking */,
				C22A52572473A1A80055A478 /* AppDelegate.swift */,
				C22A52592473A1A80055A478 /* SceneDelegate.swift */,
				C22A525D2473A1A80055A478 /* Main.storyboard */,
				C22A52622473A1AB0055A478 /* LaunchScreen.storyboard */,
				C2E4EE62247BCDA700671D53 /* Filter.storyboard */,
				C22A52652473A1AB0055A478 /* Info.plist */,
				C22A52602473A1AB0055A478 /* Assets.xcassets */,
			);
			path = Airbnb;
			sourceTree = "<group>";
		};
		C22A526D2473A1AB0055A478 /* AirbnbTests */ = {
			isa = PBXGroup;
			children = (
				C22A526E2473A1AB0055A478 /* AirbnbTests.swift */,
				C22A52702473A1AB0055A478 /* Info.plist */,
				5A814121247BD3590020ED80 /* DecodableTests.swift */,
			);
			path = AirbnbTests;
			sourceTree = "<group>";
		};
		C22A52792473A21E0055A478 /* Views */ = {
			isa = PBXGroup;
			children = (
				C2DB830C24766892007034AC /* FilterButtons */,
				5A8DB2B324755C30001FC509 /* BadgeLabel.swift */,
				5A8DB2BB24757859001FC509 /* SearchTextField.swift */,
				5A89D24B2477AD9D0046629B /* ImagePagingView.swift */,
				5AD06345247A50D4000BF31B /* Shadow.swift */,
				5AD06347247A5BB2000BF31B /* MapButton.swift */,
				C2E54886247D3A47001B400C /* RoundButton.swift */,
				C2E54882247C378C001B400C /* CornerRoundedButton.swift */,
				C219C664247D72C4006E3388 /* FavoriteButton.swift */,
			);
			path = Views;
			sourceTree = "<group>";
		};
		C22A527A2473A2350055A478 /* ViewModels */ = {
			isa = PBXGroup;
			children = (
			);
			path = ViewModels;
			sourceTree = "<group>";
		};
		C22A527B2473A2440055A478 /* UseCases */ = {
			isa = PBXGroup;
			children = (
			);
			path = UseCases;
			sourceTree = "<group>";
		};
		C22A527D2473A2620055A478 /* Controllers */ = {
			isa = PBXGroup;
			children = (
				C22A525B2473A1A80055A478 /* SearchViewController.swift */,
				C22A527F2473AAB10055A478 /* BookmarkViewController.swift */,
				5A88E8F72473C59800DA79F1 /* ReservationViewController.swift */,
				C2553CE6247C1CC40019588B /* FilterViewController.swift */,
			);
			path = Controllers;
			sourceTree = "<group>";
		};
		C22A527E2473A26F0055A478 /* Networking */ = {
			isa = PBXGroup;
			children = (
				5A814116247BC6040020ED80 /* Mocking */,
			);
			path = Networking;
			sourceTree = "<group>";
		};
		C2DB830C24766892007034AC /* FilterButtons */ = {
			isa = PBXGroup;
			children = (
				C26F0C8C247640DB002E7F42 /* FilterButton.swift */,
				C2DB830D247668A7007034AC /* DateButton.swift */,
				C2DB830F247668C6007034AC /* GuestsButton.swift */,
				C2DB831124766900007034AC /* PriceButton.swift */,
			);
			path = FilterButtons;
			sourceTree = "<group>";
		};
/* End PBXGroup section */

/* Begin PBXNativeTarget section */
		C22A52532473A1A70055A478 /* Airbnb */ = {
			isa = PBXNativeTarget;
			buildConfigurationList = C22A52732473A1AB0055A478 /* Build configuration list for PBXNativeTarget "Airbnb" */;
			buildPhases = (
				C22A52502473A1A70055A478 /* Sources */,
				C22A52512473A1A70055A478 /* Frameworks */,
				C22A52522473A1A70055A478 /* Resources */,
			);
			buildRules = (
			);
			dependencies = (
			);
			name = Airbnb;
			productName = Airbnb;
			productReference = C22A52542473A1A80055A478 /* Airbnb.app */;
			productType = "com.apple.product-type.application";
		};
		C22A52692473A1AB0055A478 /* AirbnbTests */ = {
			isa = PBXNativeTarget;
			buildConfigurationList = C22A52762473A1AB0055A478 /* Build configuration list for PBXNativeTarget "AirbnbTests" */;
			buildPhases = (
				C22A52662473A1AB0055A478 /* Sources */,
				C22A52672473A1AB0055A478 /* Frameworks */,
				C22A52682473A1AB0055A478 /* Resources */,
			);
			buildRules = (
			);
			dependencies = (
				C22A526C2473A1AB0055A478 /* PBXTargetDependency */,
			);
			name = AirbnbTests;
			productName = AirbnbTests;
			productReference = C22A526A2473A1AB0055A478 /* AirbnbTests.xctest */;
			productType = "com.apple.product-type.bundle.unit-test";
		};
/* End PBXNativeTarget section */

/* Begin PBXProject section */
		C22A524C2473A1A70055A478 /* Project object */ = {
			isa = PBXProject;
			attributes = {
				LastSwiftUpdateCheck = 1140;
				LastUpgradeCheck = 1140;
				ORGANIZATIONNAME = "Chaewan Park";
				TargetAttributes = {
					C22A52532473A1A70055A478 = {
						CreatedOnToolsVersion = 11.4.1;
					};
					C22A52692473A1AB0055A478 = {
						CreatedOnToolsVersion = 11.4.1;
						TestTargetID = C22A52532473A1A70055A478;
					};
				};
			};
			buildConfigurationList = C22A524F2473A1A70055A478 /* Build configuration list for PBXProject "Airbnb" */;
			compatibilityVersion = "Xcode 9.3";
			developmentRegion = en;
			hasScannedForEncodings = 0;
			knownRegions = (
				en,
				Base,
			);
			mainGroup = C22A524B2473A1A70055A478;
			productRefGroup = C22A52552473A1A80055A478 /* Products */;
			projectDirPath = "";
			projectRoot = "";
			targets = (
				C22A52532473A1A70055A478 /* Airbnb */,
				C22A52692473A1AB0055A478 /* AirbnbTests */,
			);
		};
/* End PBXProject section */

/* Begin PBXResourcesBuildPhase section */
		C22A52522473A1A70055A478 /* Resources */ = {
			isa = PBXResourcesBuildPhase;
			buildActionMask = 2147483647;
			files = (
				5A81411A247BCDE80020ED80 /* BNBsTestData.json in Resources */,
				C22A52642473A1AB0055A478 /* LaunchScreen.storyboard in Resources */,
				C22A52612473A1AB0055A478 /* Assets.xcassets in Resources */,
				C2E4EE63247BCDA700671D53 /* Filter.storyboard in Resources */,
				C22A525F2473A1A80055A478 /* Main.storyboard in Resources */,
			);
			runOnlyForDeploymentPostprocessing = 0;
		};
		C22A52682473A1AB0055A478 /* Resources */ = {
			isa = PBXResourcesBuildPhase;
			buildActionMask = 2147483647;
			files = (
			);
			runOnlyForDeploymentPostprocessing = 0;
		};
/* End PBXResourcesBuildPhase section */

/* Begin PBXSourcesBuildPhase section */
		C22A52502473A1A70055A478 /* Sources */ = {
			isa = PBXSourcesBuildPhase;
			buildActionMask = 2147483647;
			files = (
				C2553CE7247C1CC40019588B /* FilterViewController.swift in Sources */,
				5A33640F2476A39600324367 /* Identifiable.swift in Sources */,
				C26F0C8D247640DB002E7F42 /* FilterButton.swift in Sources */,
				5A8DB2B424755C30001FC509 /* BadgeLabel.swift in Sources */,
				C2E54887247D3A47001B400C /* RoundButton.swift in Sources */,
				C2E54883247C378C001B400C /* CornerRoundedButton.swift in Sources */,
				5A89D24C2477AD9D0046629B /* ImagePagingView.swift in Sources */,
				5A81411F247BCE900020ED80 /* BNB.swift in Sources */,
				5A814124247BD3CD0020ED80 /* DataExtensions.swift in Sources */,
				5A88E8F82473C59800DA79F1 /* ReservationViewController.swift in Sources */,
				C22A52802473AAB10055A478 /* BookmarkViewController.swift in Sources */,
				5AD06348247A5BB2000BF31B /* MapButton.swift in Sources */,
				C2553CE1247C146B0019588B /* NibLoadable.swift in Sources */,
				C22A525C2473A1A80055A478 /* SearchViewController.swift in Sources */,
				C2553CE9247C23E50019588B /* Storyboard.swift in Sources */,
				5AD06346247A50D4000BF31B /* Shadow.swift in Sources */,
				C2DB831224766900007034AC /* PriceButton.swift in Sources */,
				C2DB8310247668C6007034AC /* GuestsButton.swift in Sources */,
				5A840979247651A200D84413 /* UIColorExtension.swift in Sources */,
				5A8DB2BC24757859001FC509 /* SearchTextField.swift in Sources */,
				C22A52582473A1A80055A478 /* AppDelegate.swift in Sources */,
				C22A525A2473A1A80055A478 /* SceneDelegate.swift in Sources */,
				5A89D248247775F10046629B /* UIEdgeInsetsExtension.swift in Sources */,
				C2DB830E247668A7007034AC /* DateButton.swift in Sources */,
				C219C665247D72C4006E3388 /* FavoriteButton.swift in Sources */,
			);
			runOnlyForDeploymentPostprocessing = 0;
		};
		C22A52662473A1AB0055A478 /* Sources */ = {
			isa = PBXSourcesBuildPhase;
			buildActionMask = 2147483647;
			files = (
				5A814122247BD3590020ED80 /* DecodableTests.swift in Sources */,
				C22A526F2473A1AB0055A478 /* AirbnbTests.swift in Sources */,
			);
			runOnlyForDeploymentPostprocessing = 0;
		};
/* End PBXSourcesBuildPhase section */

/* Begin PBXTargetDependency section */
		C22A526C2473A1AB0055A478 /* PBXTargetDependency */ = {
			isa = PBXTargetDependency;
			target = C22A52532473A1A70055A478 /* Airbnb */;
			targetProxy = C22A526B2473A1AB0055A478 /* PBXContainerItemProxy */;
		};
/* End PBXTargetDependency section */

/* Begin PBXVariantGroup section */
		C22A525D2473A1A80055A478 /* Main.storyboard */ = {
			isa = PBXVariantGroup;
			children = (
				C22A525E2473A1A80055A478 /* Base */,
			);
			name = Main.storyboard;
			sourceTree = "<group>";
		};
		C22A52622473A1AB0055A478 /* LaunchScreen.storyboard */ = {
			isa = PBXVariantGroup;
			children = (
				C22A52632473A1AB0055A478 /* Base */,
			);
			name = LaunchScreen.storyboard;
			sourceTree = "<group>";
		};
/* End PBXVariantGroup section */

/* Begin XCBuildConfiguration section */
		C22A52712473A1AB0055A478 /* Debug */ = {
			isa = XCBuildConfiguration;
			buildSettings = {
				ALWAYS_SEARCH_USER_PATHS = NO;
				CLANG_ANALYZER_NONNULL = YES;
				CLANG_ANALYZER_NUMBER_OBJECT_CONVERSION = YES_AGGRESSIVE;
				CLANG_CXX_LANGUAGE_STANDARD = "gnu++14";
				CLANG_CXX_LIBRARY = "libc++";
				CLANG_ENABLE_MODULES = YES;
				CLANG_ENABLE_OBJC_ARC = YES;
				CLANG_ENABLE_OBJC_WEAK = YES;
				CLANG_WARN_BLOCK_CAPTURE_AUTORELEASING = YES;
				CLANG_WARN_BOOL_CONVERSION = YES;
				CLANG_WARN_COMMA = YES;
				CLANG_WARN_CONSTANT_CONVERSION = YES;
				CLANG_WARN_DEPRECATED_OBJC_IMPLEMENTATIONS = YES;
				CLANG_WARN_DIRECT_OBJC_ISA_USAGE = YES_ERROR;
				CLANG_WARN_DOCUMENTATION_COMMENTS = YES;
				CLANG_WARN_EMPTY_BODY = YES;
				CLANG_WARN_ENUM_CONVERSION = YES;
				CLANG_WARN_INFINITE_RECURSION = YES;
				CLANG_WARN_INT_CONVERSION = YES;
				CLANG_WARN_NON_LITERAL_NULL_CONVERSION = YES;
				CLANG_WARN_OBJC_IMPLICIT_RETAIN_SELF = YES;
				CLANG_WARN_OBJC_LITERAL_CONVERSION = YES;
				CLANG_WARN_OBJC_ROOT_CLASS = YES_ERROR;
				CLANG_WARN_RANGE_LOOP_ANALYSIS = YES;
				CLANG_WARN_STRICT_PROTOTYPES = YES;
				CLANG_WARN_SUSPICIOUS_MOVE = YES;
				CLANG_WARN_UNGUARDED_AVAILABILITY = YES_AGGRESSIVE;
				CLANG_WARN_UNREACHABLE_CODE = YES;
				CLANG_WARN__DUPLICATE_METHOD_MATCH = YES;
				COPY_PHASE_STRIP = NO;
				DEBUG_INFORMATION_FORMAT = dwarf;
				ENABLE_STRICT_OBJC_MSGSEND = YES;
				ENABLE_TESTABILITY = YES;
				GCC_C_LANGUAGE_STANDARD = gnu11;
				GCC_DYNAMIC_NO_PIC = NO;
				GCC_NO_COMMON_BLOCKS = YES;
				GCC_OPTIMIZATION_LEVEL = 0;
				GCC_PREPROCESSOR_DEFINITIONS = (
					"DEBUG=1",
					"$(inherited)",
				);
				GCC_WARN_64_TO_32_BIT_CONVERSION = YES;
				GCC_WARN_ABOUT_RETURN_TYPE = YES_ERROR;
				GCC_WARN_UNDECLARED_SELECTOR = YES;
				GCC_WARN_UNINITIALIZED_AUTOS = YES_AGGRESSIVE;
				GCC_WARN_UNUSED_FUNCTION = YES;
				GCC_WARN_UNUSED_VARIABLE = YES;
				IPHONEOS_DEPLOYMENT_TARGET = 13.4;
				MTL_ENABLE_DEBUG_INFO = INCLUDE_SOURCE;
				MTL_FAST_MATH = YES;
				ONLY_ACTIVE_ARCH = YES;
				SDKROOT = iphoneos;
				SWIFT_ACTIVE_COMPILATION_CONDITIONS = DEBUG;
				SWIFT_OPTIMIZATION_LEVEL = "-Onone";
			};
			name = Debug;
		};
		C22A52722473A1AB0055A478 /* Release */ = {
			isa = XCBuildConfiguration;
			buildSettings = {
				ALWAYS_SEARCH_USER_PATHS = NO;
				CLANG_ANALYZER_NONNULL = YES;
				CLANG_ANALYZER_NUMBER_OBJECT_CONVERSION = YES_AGGRESSIVE;
				CLANG_CXX_LANGUAGE_STANDARD = "gnu++14";
				CLANG_CXX_LIBRARY = "libc++";
				CLANG_ENABLE_MODULES = YES;
				CLANG_ENABLE_OBJC_ARC = YES;
				CLANG_ENABLE_OBJC_WEAK = YES;
				CLANG_WARN_BLOCK_CAPTURE_AUTORELEASING = YES;
				CLANG_WARN_BOOL_CONVERSION = YES;
				CLANG_WARN_COMMA = YES;
				CLANG_WARN_CONSTANT_CONVERSION = YES;
				CLANG_WARN_DEPRECATED_OBJC_IMPLEMENTATIONS = YES;
				CLANG_WARN_DIRECT_OBJC_ISA_USAGE = YES_ERROR;
				CLANG_WARN_DOCUMENTATION_COMMENTS = YES;
				CLANG_WARN_EMPTY_BODY = YES;
				CLANG_WARN_ENUM_CONVERSION = YES;
				CLANG_WARN_INFINITE_RECURSION = YES;
				CLANG_WARN_INT_CONVERSION = YES;
				CLANG_WARN_NON_LITERAL_NULL_CONVERSION = YES;
				CLANG_WARN_OBJC_IMPLICIT_RETAIN_SELF = YES;
				CLANG_WARN_OBJC_LITERAL_CONVERSION = YES;
				CLANG_WARN_OBJC_ROOT_CLASS = YES_ERROR;
				CLANG_WARN_RANGE_LOOP_ANALYSIS = YES;
				CLANG_WARN_STRICT_PROTOTYPES = YES;
				CLANG_WARN_SUSPICIOUS_MOVE = YES;
				CLANG_WARN_UNGUARDED_AVAILABILITY = YES_AGGRESSIVE;
				CLANG_WARN_UNREACHABLE_CODE = YES;
				CLANG_WARN__DUPLICATE_METHOD_MATCH = YES;
				COPY_PHASE_STRIP = NO;
				DEBUG_INFORMATION_FORMAT = "dwarf-with-dsym";
				ENABLE_NS_ASSERTIONS = NO;
				ENABLE_STRICT_OBJC_MSGSEND = YES;
				GCC_C_LANGUAGE_STANDARD = gnu11;
				GCC_NO_COMMON_BLOCKS = YES;
				GCC_WARN_64_TO_32_BIT_CONVERSION = YES;
				GCC_WARN_ABOUT_RETURN_TYPE = YES_ERROR;
				GCC_WARN_UNDECLARED_SELECTOR = YES;
				GCC_WARN_UNINITIALIZED_AUTOS = YES_AGGRESSIVE;
				GCC_WARN_UNUSED_FUNCTION = YES;
				GCC_WARN_UNUSED_VARIABLE = YES;
				IPHONEOS_DEPLOYMENT_TARGET = 13.4;
				MTL_ENABLE_DEBUG_INFO = NO;
				MTL_FAST_MATH = YES;
				SDKROOT = iphoneos;
				SWIFT_COMPILATION_MODE = wholemodule;
				SWIFT_OPTIMIZATION_LEVEL = "-O";
				VALIDATE_PRODUCT = YES;
			};
			name = Release;
		};
		C22A52742473A1AB0055A478 /* Debug */ = {
			isa = XCBuildConfiguration;
			buildSettings = {
				ASSETCATALOG_COMPILER_APPICON_NAME = AppIcon;
				CODE_SIGN_STYLE = Automatic;
				DEVELOPMENT_TEAM = B3PWYBKFUK;
				INFOPLIST_FILE = Airbnb/Info.plist;
				LD_RUNPATH_SEARCH_PATHS = (
					"$(inherited)",
					"@executable_path/Frameworks",
				);
				PRODUCT_BUNDLE_IDENTIFIER = com.seizze.Airbnb2;
				PRODUCT_NAME = "$(TARGET_NAME)";
				SWIFT_VERSION = 5.0;
				TARGETED_DEVICE_FAMILY = "1,2";
			};
			name = Debug;
		};
		C22A52752473A1AB0055A478 /* Release */ = {
			isa = XCBuildConfiguration;
			buildSettings = {
				ASSETCATALOG_COMPILER_APPICON_NAME = AppIcon;
				CODE_SIGN_STYLE = Automatic;
				DEVELOPMENT_TEAM = B3PWYBKFUK;
				INFOPLIST_FILE = Airbnb/Info.plist;
				LD_RUNPATH_SEARCH_PATHS = (
					"$(inherited)",
					"@executable_path/Frameworks",
				);
				PRODUCT_BUNDLE_IDENTIFIER = com.seizze.Airbnb2;
				PRODUCT_NAME = "$(TARGET_NAME)";
				SWIFT_VERSION = 5.0;
				TARGETED_DEVICE_FAMILY = "1,2";
			};
			name = Release;
		};
		C22A52772473A1AB0055A478 /* Debug */ = {
			isa = XCBuildConfiguration;
			buildSettings = {
				ALWAYS_EMBED_SWIFT_STANDARD_LIBRARIES = YES;
				BUNDLE_LOADER = "$(TEST_HOST)";
				CODE_SIGN_STYLE = Automatic;
				DEVELOPMENT_TEAM = 7R8M75S4BH;
				INFOPLIST_FILE = AirbnbTests/Info.plist;
				IPHONEOS_DEPLOYMENT_TARGET = 13.4;
				LD_RUNPATH_SEARCH_PATHS = (
					"$(inherited)",
					"@executable_path/Frameworks",
					"@loader_path/Frameworks",
				);
				PRODUCT_BUNDLE_IDENTIFIER = com.seizze.AirbnbTests;
				PRODUCT_NAME = "$(TARGET_NAME)";
				SWIFT_VERSION = 5.0;
				TARGETED_DEVICE_FAMILY = "1,2";
				TEST_HOST = "$(BUILT_PRODUCTS_DIR)/Airbnb.app/Airbnb";
			};
			name = Debug;
		};
		C22A52782473A1AB0055A478 /* Release */ = {
			isa = XCBuildConfiguration;
			buildSettings = {
				ALWAYS_EMBED_SWIFT_STANDARD_LIBRARIES = YES;
				BUNDLE_LOADER = "$(TEST_HOST)";
				CODE_SIGN_STYLE = Automatic;
				DEVELOPMENT_TEAM = 7R8M75S4BH;
				INFOPLIST_FILE = AirbnbTests/Info.plist;
				IPHONEOS_DEPLOYMENT_TARGET = 13.4;
				LD_RUNPATH_SEARCH_PATHS = (
					"$(inherited)",
					"@executable_path/Frameworks",
					"@loader_path/Frameworks",
				);
				PRODUCT_BUNDLE_IDENTIFIER = com.seizze.AirbnbTests;
				PRODUCT_NAME = "$(TARGET_NAME)";
				SWIFT_VERSION = 5.0;
				TARGETED_DEVICE_FAMILY = "1,2";
				TEST_HOST = "$(BUILT_PRODUCTS_DIR)/Airbnb.app/Airbnb";
			};
			name = Release;
		};
/* End XCBuildConfiguration section */

/* Begin XCConfigurationList section */
		C22A524F2473A1A70055A478 /* Build configuration list for PBXProject "Airbnb" */ = {
			isa = XCConfigurationList;
			buildConfigurations = (
				C22A52712473A1AB0055A478 /* Debug */,
				C22A52722473A1AB0055A478 /* Release */,
			);
			defaultConfigurationIsVisible = 0;
			defaultConfigurationName = Release;
		};
		C22A52732473A1AB0055A478 /* Build configuration list for PBXNativeTarget "Airbnb" */ = {
			isa = XCConfigurationList;
			buildConfigurations = (
				C22A52742473A1AB0055A478 /* Debug */,
				C22A52752473A1AB0055A478 /* Release */,
			);
			defaultConfigurationIsVisible = 0;
			defaultConfigurationName = Release;
		};
		C22A52762473A1AB0055A478 /* Build configuration list for PBXNativeTarget "AirbnbTests" */ = {
			isa = XCConfigurationList;
			buildConfigurations = (
				C22A52772473A1AB0055A478 /* Debug */,
				C22A52782473A1AB0055A478 /* Release */,
			);
			defaultConfigurationIsVisible = 0;
			defaultConfigurationName = Release;
		};
/* End XCConfigurationList section */
	};
	rootObject = C22A524C2473A1A70055A478 /* Project object */;
}
